
Microsoft Visual Studio Solution File, Format Version 12.00
# Visual Studio Version 17
VisualStudioVersion = 17.3.32922.545
MinimumVisualStudioVersion = 10.0.40219.1
Project("{9A19103F-16F7-4668-BE54-9A1E7A4F7556}") = "DotNetCoreWebApiDemo", "DotNetCoreWebApiDemo\DotNetCoreWebApiDemo.csproj", "{BE15104F-CFA5-449B-8990-817537402F2A}"
EndProject
Project("{2150E333-8FDC-42A3-9474-1A3956D46DE8}") = "Components", "Components", "{86EF6798-2D7C-4A00-B6F5-35FC02F5ED70}"
EndProject
Project("{FAE04EC0-301F-11D3-BF4B-00C04F79EFBC}") = "Common", "Components\Common\Common.csproj", "{5DE8566C-47B3-442C-AB96-6FB83428CFE8}"
EndProject
Project("{FAE04EC0-301F-11D3-BF4B-00C04F79EFBC}") = "DataAccess", "Components\DataAccess\DataAccess.csproj", "{0AC30D62-BCF0-41B6-8E0A-46BDB2BD2656}"
EndProject
Project("{FAE04EC0-301F-11D3-BF4B-00C04F79EFBC}") = "Entities", "Components\Entities\Entities.csproj", "{AFA79EB4-952B-4DD5-8AF0-C5A0F38FA128}"
EndProject
Project("{FAE04EC0-301F-11D3-BF4B-00C04F79EFBC}") = "Services", "Components\Services\Services.csproj", "{37790AC0-5B64-4D4D-AB20-437CF0747E0A}"
EndProject
Global
	GlobalSection(SolutionConfigurationPlatforms) = preSolution
		Debug|Any CPU = Debug|Any CPU
		Release|Any CPU = Release|Any CPU
	EndGlobalSection
	GlobalSection(ProjectConfigurationPlatforms) = postSolution
		{BE15104F-CFA5-449B-8990-817537402F2A}.Debug|Any CPU.ActiveCfg = Debug|Any CPU
		{BE15104F-CFA5-449B-8990-817537402F2A}.Debug|Any CPU.Build.0 = Debug|Any CPU
		{BE15104F-CFA5-449B-8990-817537402F2A}.Release|Any CPU.ActiveCfg = Release|Any CPU
		{BE15104F-CFA5-449B-8990-817537402F2A}.Release|Any CPU.Build.0 = Release|Any CPU
		{5DE8566C-47B3-442C-AB96-6FB83428CFE8}.Debug|Any CPU.ActiveCfg = Debug|Any CPU
		{5DE8566C-47B3-442C-AB96-6FB83428CFE8}.Debug|Any CPU.Build.0 = Debug|Any CPU
		{5DE8566C-47B3-442C-AB96-6FB83428CFE8}.Release|Any CPU.ActiveCfg = Release|Any CPU
		{5DE8566C-47B3-442C-AB96-6FB83428CFE8}.Release|Any CPU.Build.0 = Release|Any CPU
		{0AC30D62-BCF0-41B6-8E0A-46BDB2BD2656}.Debug|Any CPU.ActiveCfg = Debug|Any CPU
		{0AC30D62-BCF0-41B6-8E0A-46BDB2BD2656}.Debug|Any CPU.Build.0 = Debug|Any CPU
		{0AC30D62-BCF0-41B6-8E0A-46BDB2BD2656}.Release|Any CPU.ActiveCfg = Release|Any CPU
		{0AC30D62-BCF0-41B6-8E0A-46BDB2BD2656}.Release|Any CPU.Build.0 = Release|Any CPU
		{AFA79EB4-952B-4DD5-8AF0-C5A0F38FA128}.Debug|Any CPU.ActiveCfg = Debug|Any CPU
		{AFA79EB4-952B-4DD5-8AF0-C5A0F38FA128}.Debug|Any CPU.Build.0 = Debug|Any CPU
		{AFA79EB4-952B-4DD5-8AF0-C5A0F38FA128}.Release|Any CPU.ActiveCfg = Release|Any CPU
		{AFA79EB4-952B-4DD5-8AF0-C5A0F38FA128}.Release|Any CPU.Build.0 = Release|Any CPU
		{37790AC0-5B64-4D4D-AB20-437CF0747E0A}.Debug|Any CPU.ActiveCfg = Debug|Any CPU
		{37790AC0-5B64-4D4D-AB20-437CF0747E0A}.Debug|Any CPU.Build.0 = Debug|Any CPU
		{37790AC0-5B64-4D4D-AB20-437CF0747E0A}.Release|Any CPU.ActiveCfg = Release|Any CPU
		{37790AC0-5B64-4D4D-AB20-437CF0747E0A}.Release|Any CPU.Build.0 = Release|Any CPU
	EndGlobalSection
	GlobalSection(SolutionProperties) = preSolution
		HideSolutionNode = FALSE
	EndGlobalSection
	GlobalSection(NestedProjects) = preSolution
		{5DE8566C-47B3-442C-AB96-6FB83428CFE8} = {86EF6798-2D7C-4A00-B6F5-35FC02F5ED70}
		{0AC30D62-BCF0-41B6-8E0A-46BDB2BD2656} = {86EF6798-2D7C-4A00-B6F5-35FC02F5ED70}
		{AFA79EB4-952B-4DD5-8AF0-C5A0F38FA128} = {86EF6798-2D7C-4A00-B6F5-35FC02F5ED70}
		{37790AC0-5B64-4D4D-AB20-437CF0747E0A} = {86EF6798-2D7C-4A00-B6F5-35FC02F5ED70}
	EndGlobalSection
	GlobalSection(ExtensibilityGlobals) = postSolution
		SolutionGuid = {DCAC03C0-347D-40E2-8D2B-E5E0A6CDBB5F}
	EndGlobalSection
EndGlobal
